
Microsoft Visual Studio Solution File, Format Version 12.00
# Visual Studio 14
VisualStudioVersion = 14.0.25420.1
MinimumVisualStudioVersion = 10.0.40219.1
Project("{8BC9CEB8-8B4A-11D0-8D11-00A0C91BC942}") = "libyara", "libyara\libyara.vcxproj", "{E236CE39-D8F3-4DB6-985C-F2794FF17746}"
EndProject
Project("{8BC9CEB8-8B4A-11D0-8D11-00A0C91BC942}") = "yara", "yara\yara.vcxproj", "{DF8232C7-D8C1-4D05-9921-F8F504134410}"
	ProjectSection(ProjectDependencies) = postProject
		{E236CE39-D8F3-4DB6-985C-F2794FF17746} = {E236CE39-D8F3-4DB6-985C-F2794FF17746}
	EndProjectSection
EndProject
Project("{8BC9CEB8-8B4A-11D0-8D11-00A0C91BC942}") = "yarac", "yarac\yarac.vcxproj", "{7C72350B-AA5B-41AD-8957-CE3924A7F11B}"
	ProjectSection(ProjectDependencies) = postProject
		{E236CE39-D8F3-4DB6-985C-F2794FF17746} = {E236CE39-D8F3-4DB6-985C-F2794FF17746}
	EndProjectSection
EndProject
Project("{8BC9CEB8-8B4A-11D0-8D11-00A0C91BC942}") = "test-alignment", "..\vs2015\test-alignment\test-alignment.vcxproj", "{76A5B2B8-8844-4278-A33E-CE95261AF6A1}"
EndProject
Global
	GlobalSection(SolutionConfigurationPlatforms) = preSolution
		debug|x64 = debug|x64
		debug|x86 = debug|x86
		release|x64 = release|x64
		release|x86 = release|x86
	EndGlobalSection
	GlobalSection(ProjectConfigurationPlatforms) = postSolution
		{E236CE39-D8F3-4DB6-985C-F2794FF17746}.debug|x64.ActiveCfg = debug|x64
		{E236CE39-D8F3-4DB6-985C-F2794FF17746}.debug|x64.Build.0 = debug|x64
		{E236CE39-D8F3-4DB6-985C-F2794FF17746}.debug|x86.ActiveCfg = debug|Win32
		{E236CE39-D8F3-4DB6-985C-F2794FF17746}.debug|x86.Build.0 = debug|Win32
		{E236CE39-D8F3-4DB6-985C-F2794FF17746}.release|x64.ActiveCfg = release|x64
		{E236CE39-D8F3-4DB6-985C-F2794FF17746}.release|x64.Build.0 = release|x64
		{E236CE39-D8F3-4DB6-985C-F2794FF17746}.release|x86.ActiveCfg = release|Win32
		{E236CE39-D8F3-4DB6-985C-F2794FF17746}.release|x86.Build.0 = release|Win32
		{DF8232C7-D8C1-4D05-9921-F8F504134410}.debug|x64.ActiveCfg = debug|x64
		{DF8232C7-D8C1-4D05-9921-F8F504134410}.debug|x64.Build.0 = debug|x64
		{DF8232C7-D8C1-4D05-9921-F8F504134410}.debug|x86.ActiveCfg = debug|Win32
		{DF8232C7-D8C1-4D05-9921-F8F504134410}.debug|x86.Build.0 = debug|Win32
		{DF8232C7-D8C1-4D05-9921-F8F504134410}.release|x64.ActiveCfg = release|x64
		{DF8232C7-D8C1-4D05-9921-F8F504134410}.release|x64.Build.0 = release|x64
		{DF8232C7-D8C1-4D05-9921-F8F504134410}.release|x86.ActiveCfg = release|Win32
		{DF8232C7-D8C1-4D05-9921-F8F504134410}.release|x86.Build.0 = release|Win32
		{7C72350B-AA5B-41AD-8957-CE3924A7F11B}.debug|x64.ActiveCfg = debug|x64
		{7C72350B-AA5B-41AD-8957-CE3924A7F11B}.debug|x64.Build.0 = debug|x64
		{7C72350B-AA5B-41AD-8957-CE3924A7F11B}.debug|x86.ActiveCfg = debug|Win32
		{7C72350B-AA5B-41AD-8957-CE3924A7F11B}.debug|x86.Build.0 = debug|Win32
		{7C72350B-AA5B-41AD-8957-CE3924A7F11B}.release|x64.ActiveCfg = release|x64
		{7C72350B-AA5B-41AD-8957-CE3924A7F11B}.release|x64.Build.0 = release|x64
		{7C72350B-AA5B-41AD-8957-CE3924A7F11B}.release|x86.ActiveCfg = release|Win32
		{7C72350B-AA5B-41AD-8957-CE3924A7F11B}.release|x86.Build.0 = release|Win32
		{76A5B2B8-8844-4278-A33E-CE95261AF6A1}.debug|x64.ActiveCfg = debug|x64
		{76A5B2B8-8844-4278-A33E-CE95261AF6A1}.debug|x64.Build.0 = debug|x64
		{76A5B2B8-8844-4278-A33E-CE95261AF6A1}.debug|x86.ActiveCfg = debug|Win32
		{76A5B2B8-8844-4278-A33E-CE95261AF6A1}.debug|x86.Build.0 = debug|Win32
		{76A5B2B8-8844-4278-A33E-CE95261AF6A1}.release|x64.ActiveCfg = release|x64
		{76A5B2B8-8844-4278-A33E-CE95261AF6A1}.release|x64.Build.0 = release|x64
		{76A5B2B8-8844-4278-A33E-CE95261AF6A1}.release|x86.ActiveCfg = release|Win32
		{76A5B2B8-8844-4278-A33E-CE95261AF6A1}.release|x86.Build.0 = release|Win32
	EndGlobalSection
	GlobalSection(SolutionProperties) = preSolution
		HideSolutionNode = FALSE
	EndGlobalSection
EndGlobal
